
Microsoft Visual Studio Solution File, Format Version 12.00
# Visual Studio Version 16
VisualStudioVersion = 16.0.30114.105
MinimumVisualStudioVersion = 10.0.40219.1
Project("{9A19103F-16F7-4668-BE54-9A1E7A4F7556}") = "BlazorFinans.Kerne", "BlazorFinans.Kerne\BlazorFinans.Kerne.csproj", "{EC7AAC5B-0F9F-4108-93CE-DEF4C9D0803A}"
EndProject
Project("{9A19103F-16F7-4668-BE54-9A1E7A4F7556}") = "BlazorFinans.ConsoleApp", "BlazorFinans.ConsoleApp\BlazorFinans.ConsoleApp.csproj", "{F7E950C8-90E7-404B-B0B2-E3921A27260F}"
EndProject
Project("{9A19103F-16F7-4668-BE54-9A1E7A4F7556}") = "BlazorFinans.BlazorServerApp", "BlazorFinans.BlazorServerApp\BlazorFinans.BlazorServerApp.csproj", "{5C3D33CA-05B1-4A69-ABBB-B42FC8E863B6}"
EndProject
Global
	GlobalSection(SolutionConfigurationPlatforms) = preSolution
		Debug|Any CPU = Debug|Any CPU
		Release|Any CPU = Release|Any CPU
	EndGlobalSection
	GlobalSection(ProjectConfigurationPlatforms) = postSolution
		{EC7AAC5B-0F9F-4108-93CE-DEF4C9D0803A}.Debug|Any CPU.ActiveCfg = Debug|Any CPU
		{EC7AAC5B-0F9F-4108-93CE-DEF4C9D0803A}.Debug|Any CPU.Build.0 = Debug|Any CPU
		{EC7AAC5B-0F9F-4108-93CE-DEF4C9D0803A}.Release|Any CPU.ActiveCfg = Release|Any CPU
		{EC7AAC5B-0F9F-4108-93CE-DEF4C9D0803A}.Release|Any CPU.Build.0 = Release|Any CPU
		{F7E950C8-90E7-404B-B0B2-E3921A27260F}.Debug|Any CPU.ActiveCfg = Debug|Any CPU
		{F7E950C8-90E7-404B-B0B2-E3921A27260F}.Debug|Any CPU.Build.0 = Debug|Any CPU
		{F7E950C8-90E7-404B-B0B2-E3921A27260F}.Release|Any CPU.ActiveCfg = Release|Any CPU
		{F7E950C8-90E7-404B-B0B2-E3921A27260F}.Release|Any CPU.Build.0 = Release|Any CPU
		{5C3D33CA-05B1-4A69-ABBB-B42FC8E863B6}.Debug|Any CPU.ActiveCfg = Debug|Any CPU
		{5C3D33CA-05B1-4A69-ABBB-B42FC8E863B6}.Debug|Any CPU.Build.0 = Debug|Any CPU
		{5C3D33CA-05B1-4A69-ABBB-B42FC8E863B6}.Release|Any CPU.ActiveCfg = Release|Any CPU
		{5C3D33CA-05B1-4A69-ABBB-B42FC8E863B6}.Release|Any CPU.Build.0 = Release|Any CPU
	EndGlobalSection
	GlobalSection(SolutionProperties) = preSolution
		HideSolutionNode = FALSE
	EndGlobalSection
	GlobalSection(ExtensibilityGlobals) = postSolution
		SolutionGuid = {EBF84B06-529F-4C19-A9DA-08FECA870D89}
	EndGlobalSection
EndGlobal
